dependencies:
- name: pingdirectory
  repository: https://cprice-ping.github.io/pingidentity-solutions-helm/
  version: 0.0.8
- name: pingdatasync
  repository: https://cprice-ping.github.io/pingidentity-solutions-helm/
  version: 0.0.2
- name: pingfederate
  repository: https://cprice-ping.github.io/pingidentity-solutions-helm/
  version: 0.0.3
- name: pingaccess
  repository: https://cprice-ping.github.io/pingidentity-solutions-helm/
  version: 0.0.5
- name: pingcentral
  repository: https://cprice-ping.github.io/pingidentity-solutions-helm/
  version: 0.0.14
- name: pingdataconsole
  repository: https://cprice-ping.github.io/pingidentity-solutions-helm/
  version: 0.1.2
digest: sha256:8b9485660b3efd51cecce0dc6115b978e464d5d08d3d7e1fb33a28a0a102dc90
generated: "2020-09-20T15:35:10.16437-07:00"
