dependencies:
- name: pingdirectory
  repository: https://patrickcping.github.io/ping-identity-helm-charts-repo/
  version: 0.1.2
- name: pingfederate
  repository: https://patrickcping.github.io/ping-identity-helm-charts-repo/
  version: 0.3.0
- name: pingaccess
  repository: https://patrickcping.github.io/ping-identity-helm-charts-repo/
  version: 0.1.1
- name: pingdataconsole
  repository: https://patrickcping.github.io/ping-identity-helm-charts-repo/
  version: 0.1.2
- name: pingcentral
  repository: https://patrickcping.github.io/ping-identity-helm-charts-repo/
  version: 0.1.1
digest: sha256:8ab5a59b631c7c5bc770b5593d0aa0d6c95348705df961d98882564c437c3159
generated: "2020-08-24T11:10:56.144342-07:00"
